{
  "name": "database",
  "lockfileVersion": 3,
  "requires": true,
  "packages": {
    "": {
      "devDependencies": {
        "@electric-sql/pglite": "0.5.8",
        "stripe": "22.6.1"
      }
    },
    "node_modules/@electric-sql/pglite": {
      "version": "0.5.8",
      "resolved": "https://registry.npmjs.org/@electric-sql/pglite/-/pglite-0.5.8.tgz",
      "integrity": "sha512-n9tsbUOhwx2epK1V0ZG9Ar4SHWUju04dhmzZXiSBXwBoleOvIfals33NAaWgagQVAL4Rbvx/Ptsu3P+pA09f6Q==",
      "dev": true,
      "license": "Apache-2.0"
    },
    "node_modules/stripe": {
      "version": "22.6.1",
      "resolved": "https://registry.npmjs.org/stripe/-/stripe-22.6.1.tgz",
      "integrity": "sha512-hAKSkGeVt2u46TRYhmnvwmVHxBNtOCJnPjc+SH5sP2B2ypElYzAAY3Ljx0Ar8C2w8nfpFQiZ95qoDCDsFkXMTA==",
      "dev": true,
      "license": "MIT",
      "engines": {
        "node": ">=18"
      },
      "peerDependencies": {
        "@types/node": ">=18"
      },
      "peerDependenciesMeta": {
        "@types/node": {
          "optional": true
        }
      }
    }
  }
}
